// !$*UTF8*$!
{
	archiveVersion = 1;
	classes = {
	};
	objectVersion = 56;
	objects = {

/* Begin PBXBuildFile section */
		22E025142A9681BD005DBBF7 /* YellowApp.swift in Sources */ = {isa = PBXBuildFile; fileRef = 22E025132A9681BD005DBBF7 /* YellowApp.swift */; };
		22E025162A9681BD005DBBF7 /* ContentView.swift in Sources */ = {isa = PBXBuildFile; fileRef = 22E025152A9681BD005DBBF7 /* ContentView.swift */; };
		22E025182A9681BE005DBBF7 /* Assets.xcassets in Resources */ = {isa = PBXBuildFile; fileRef = 22E025172A9681BE005DBBF7 /* Assets.xcassets */; };
		22E0251B2A9681BE005DBBF7 /* Preview Assets.xcassets in Resources */ = {isa = PBXBuildFile; fileRef = 22E0251A2A9681BE005DBBF7 /* Preview Assets.xcassets */; };
		22E025252A9681BE005DBBF7 /* YellowTests.swift in Sources */ = {isa = PBXBuildFile; fileRef = 22E025242A9681BE005DBBF7 /* YellowTests.swift */; };
		22E0252F2A9681BE005DBBF7 /* YellowUITests.swift in Sources */ = {isa = PBXBuildFile; fileRef = 22E0252E2A9681BE005DBBF7 /* YellowUITests.swift */; };
		22E025312A9681BE005DBBF7 /* YellowUITestsLaunchTests.swift in Sources */ = {isa = PBXBuildFile; fileRef = 22E025302A9681BE005DBBF7 /* YellowUITestsLaunchTests.swift */; };
/* End PBXBuildFile section */

/* Begin PBXContainerItemProxy section */
		22E025212A9681BE005DBBF7 /* PBXContainerItemProxy */ = {
			isa = PBXContainerItemProxy;
			containerPortal = 22E025082A9681BD005DBBF7 /* Project object */;
			proxyType = 1;
			remoteGlobalIDString = 22E0250F2A9681BD005DBBF7;
			remoteInfo = Yellow;
		};
		22E0252B2A9681BE005DBBF7 /* PBXContainerItemProxy */ = {
			isa = PBXContainerItemProxy;
			containerPortal = 22E025082A9681BD005DBBF7 /* Project object */;
			proxyType = 1;
			remoteGlobalIDString = 22E0250F2A9681BD005DBBF7;
			remoteInfo = Yellow;
		};
/* End PBXContainerItemProxy section */

/* Begin PBXFileReference section */
		22E025102A9681BD005DBBF7 /* Yellow.app */ = {isa = PBXFileReference; explicitFileType = wrapper.application; includeInIndex = 0; path = Yellow.app; sourceTree = BUILT_PRODUCTS_DIR; };
		22E025132A9681BD005DBBF7 /* YellowApp.swift */ = {isa = PBXFileReference; lastKnownFileType = sourcecode.swift; path = YellowApp.swift; sourceTree = "<group>"; };
		22E025152A9681BD005DBBF7 /* ContentView.swift */ = {isa = PBXFileReference; lastKnownFileType = sourcecode.swift; path = ContentView.swift; sourceTree = "<group>"; };
		22E025172A9681BE005DBBF7 /* Assets.xcassets */ = {isa = PBXFileReference; lastKnownFileType = folder.assetcatalog; path = Assets.xcassets; sourceTree = "<group>"; };
		22E0251A2A9681BE005DBBF7 /* Preview Assets.xcassets */ = {isa = PBXFileReference; lastKnownFileType = folder.assetcatalog; path = "Preview Assets.xcassets"; sourceTree = "<group>"; };
		22E025202A9681BE005DBBF7 /* YellowTests.xctest */ = {isa = PBXFileReference; explicitFileType = wrapper.cfbundle; includeInIndex = 0; path = YellowTests.xctest; sourceTree = BUILT_PRODUCTS_DIR; };
		22E025242A9681BE005DBBF7 /* YellowTests.swift */ = {isa = PBXFileReference; lastKnownFileType = sourcecode.swift; path = YellowTests.swift; sourceTree = "<group>"; };
		22E0252A2A9681BE005DBBF7 /* YellowUITests.xctest */ = {isa = PBXFileReference; explicitFileType = wrapper.cfbundle; includeInIndex = 0; path = YellowUITests.xctest; sourceTree = BUILT_PRODUCTS_DIR; };
		22E0252E2A9681BE005DBBF7 /* YellowUITests.swift */ = {isa = PBXFileReference; lastKnownFileType = sourcecode.swift; path = YellowUITests.swift; sourceTree = "<group>"; };
		22E025302A9681BE005DBBF7 /* YellowUITestsLaunchTests.swift */ = {isa = PBXFileReference; lastKnownFileType = sourcecode.swift; path = YellowUITestsLaunchTests.swift; sourceTree = "<group>"; };
/* End PBXFileReference section */

/* Begin PBXFrameworksBuildPhase section */
		22E0250D2A9681BD005DBBF7 /* Frameworks */ = {
			isa = PBXFrameworksBuildPhase;
			buildActionMask = 2147483647;
			files = (
			);
			runOnlyForDeploymentPostprocessing = 0;
		};
		22E0251D2A9681BE005DBBF7 /* Frameworks */ = {
			isa = PBXFrameworksBuildPhase;
			buildActionMask = 2147483647;
			files = (
			);
			runOnlyForDeploymentPostprocessing = 0;
		};
		22E025272A9681BE005DBBF7 /* Frameworks */ = {
			isa = PBXFrameworksBuildPhase;
			buildActionMask = 2147483647;
			files = (
			);
			runOnlyForDeploymentPostprocessing = 0;
		};
/* End PBXFrameworksBuildPhase section */

/* Begin PBXGroup section */
		22E025072A9681BD005DBBF7 = {
			isa = PBXGroup;
			children = (
				22E025122A9681BD005DBBF7 /* Yellow */,
				22E025232A9681BE005DBBF7 /* YellowTests */,
				22E0252D2A9681BE005DBBF7 /* YellowUITests */,
				22E025112A9681BD005DBBF7 /* Products */,
			);
			sourceTree = "<group>";
		};
		22E025112A9681BD005DBBF7 /* Products */ = {
			isa = PBXGroup;
			children = (
				22E025102A9681BD005DBBF7 /* Yellow.app */,
				22E025202A9681BE005DBBF7 /* YellowTests.xctest */,
				22E0252A2A9681BE005DBBF7 /* YellowUITests.xctest */,
			);
			name = Products;
			sourceTree = "<group>";
		};
		22E025122A9681BD005DBBF7 /* Yellow */ = {
			isa = PBXGroup;
			children = (
				22E025132A9681BD005DBBF7 /* YellowApp.swift */,
				22E025152A9681BD005DBBF7 /* ContentView.swift */,
				22E025172A9681BE005DBBF7 /* Assets.xcassets */,
				22E025192A9681BE005DBBF7 /* Preview Content */,
			);
			path = Yellow;
			sourceTree = "<group>";
		};
		22E025192A9681BE005DBBF7 /* Preview Content */ = {
			isa = PBXGroup;
			children = (
				22E0251A2A9681BE005DBBF7 /* Preview Assets.xcassets */,
			);
			path = "Preview Content";
			sourceTree = "<group>";
		};
		22E025232A9681BE005DBBF7 /* YellowTests */ = {
			isa = PBXGroup;
			children = (
				22E025242A9681BE005DBBF7 /* YellowTests.swift */,
			);
			path = YellowTests;
			sourceTree = "<group>";
		};
		22E0252D2A9681BE005DBBF7 /* YellowUITests */ = {
			isa = PBXGroup;
			children = (
				22E0252E2A9681BE005DBBF7 /* YellowUITests.swift */,
				22E025302A9681BE005DBBF7 /* YellowUITestsLaunchTests.swift */,
			);
			path = YellowUITests;
			sourceTree = "<group>";
		};
/* End PBXGroup section */

/* Begin PBXNativeTarget section */
		22E0250F2A9681BD005DBBF7 /* Yellow */ = {
			isa = PBXNativeTarget;
			buildConfigurationList = 22E025342A9681BE005DBBF7 /* Build configuration list for PBXNativeTarget "Yellow" */;
			buildPhases = (
				22E0250C2A9681BD005DBBF7 /* Sources */,
				22E0250D2A9681BD005DBBF7 /* Frameworks */,
				22E0250E2A9681BD005DBBF7 /* Resources */,
			);
			buildRules = (
			);
			dependencies = (
			);
			name = Yellow;
			productName = Yellow;
			productReference = 22E025102A9681BD005DBBF7 /* Yellow.app */;
			productType = "com.apple.product-type.application";
		};
		22E0251F2A9681BE005DBBF7 /* YellowTests */ = {
			isa = PBXNativeTarget;
			buildConfigurationList = 22E025372A9681BE005DBBF7 /* Build configuration list for PBXNativeTarget "YellowTests" */;
			buildPhases = (
				22E0251C2A9681BE005DBBF7 /* Sources */,
				22E0251D2A9681BE005DBBF7 /* Frameworks */,
				22E0251E2A9681BE005DBBF7 /* Resources */,
			);
			buildRules = (
			);
			dependencies = (
				22E025222A9681BE005DBBF7 /* PBXTargetDependency */,
			);
			name = YellowTests;
			productName = YellowTests;
			productReference = 22E025202A9681BE005DBBF7 /* YellowTests.xctest */;
			productType = "com.apple.product-type.bundle.unit-test";
		};
		22E025292A9681BE005DBBF7 /* YellowUITests */ = {
			isa = PBXNativeTarget;
			buildConfigurationList = 22E0253A2A9681BE005DBBF7 /* Build configuration list for PBXNativeTarget "YellowUITests" */;
			buildPhases = (
				22E025262A9681BE005DBBF7 /* Sources */,
				22E025272A9681BE005DBBF7 /* Frameworks */,
				22E025282A9681BE005DBBF7 /* Resources */,
			);
			buildRules = (
			);
			dependencies = (
				22E0252C2A9681BE005DBBF7 /* PBXTargetDependency */,
			);
			name = YellowUITests;
			productName = YellowUITests;
			productReference = 22E0252A2A9681BE005DBBF7 /* YellowUITests.xctest */;
			productType = "com.apple.product-type.bundle.ui-testing";
		};
/* End PBXNativeTarget section */

/* Begin PBXProject section */
		22E025082A9681BD005DBBF7 /* Project object */ = {
			isa = PBXProject;
			attributes = {
				BuildIndependentTargetsInParallel = 1;
				LastSwiftUpdateCheck = 1430;
				LastUpgradeCheck = 1430;
				TargetAttributes = {
					22E0250F2A9681BD005DBBF7 = {
						CreatedOnToolsVersion = 14.3.1;
					};
					22E0251F2A9681BE005DBBF7 = {
						CreatedOnToolsVersion = 14.3.1;
						TestTargetID = 22E0250F2A9681BD005DBBF7;
					};
					22E025292A9681BE005DBBF7 = {
						CreatedOnToolsVersion = 14.3.1;
						TestTargetID = 22E0250F2A9681BD005DBBF7;
					};
				};
			};
			buildConfigurationList = 22E0250B2A9681BD005DBBF7 /* Build configuration list for PBXProject "Yellow" */;
			compatibilityVersion = "Xcode 14.0";
			developmentRegion = en;
			hasScannedForEncodings = 0;
			knownRegions = (
				en,
				Base,
			);
			mainGroup = 22E025072A9681BD005DBBF7;
			productRefGroup = 22E025112A9681BD005DBBF7 /* Products */;
			projectDirPath = "";
			projectRoot = "";
			targets = (
				22E0250F2A9681BD005DBBF7 /* Yellow */,
				22E0251F2A9681BE005DBBF7 /* YellowTests */,
				22E025292A9681BE005DBBF7 /* YellowUITests */,
			);
		};
/* End PBXProject section */

/* Begin PBXResourcesBuildPhase section */
		22E0250E2A9681BD005DBBF7 /* Resources */ = {
			isa = PBXResourcesBuildPhase;
			buildActionMask = 2147483647;
			files = (
				22E0251B2A9681BE005DBBF7 /* Preview Assets.xcassets in Resources */,
				22E025182A9681BE005DBBF7 /* Assets.xcassets in Resources */,
			);
			runOnlyForDeploymentPostprocessing = 0;
		};
		22E0251E2A9681BE005DBBF7 /* Resources */ = {
			isa = PBXResourcesBuildPhase;
			buildActionMask = 2147483647;
			files = (
			);
			runOnlyForDeploymentPostprocessing = 0;
		};
		22E025282A9681BE005DBBF7 /* Resources */ = {
			isa = PBXResourcesBuildPhase;
			buildActionMask = 2147483647;
			files = (
			);
			runOnlyForDeploymentPostprocessing = 0;
		};
/* End PBXResourcesBuildPhase section */

/* Begin PBXSourcesBuildPhase section */
		22E0250C2A9681BD005DBBF7 /* Sources */ = {
			isa = PBXSourcesBuildPhase;
			buildActionMask = 2147483647;
			files = (
				22E025162A9681BD005DBBF7 /* ContentView.swift in Sources */,
				22E025142A9681BD005DBBF7 /* YellowApp.swift in Sources */,
			);
			runOnlyForDeploymentPostprocessing = 0;
		};
		22E0251C2A9681BE005DBBF7 /* Sources */ = {
			isa = PBXSourcesBuildPhase;
			buildActionMask = 2147483647;
			files = (
				22E025252A9681BE005DBBF7 /* YellowTests.swift in Sources */,
			);
			runOnlyForDeploymentPostprocessing = 0;
		};
		22E025262A9681BE005DBBF7 /* Sources */ = {
			isa = PBXSourcesBuildPhase;
			buildActionMask = 2147483647;
			files = (
				22E025312A9681BE005DBBF7 /* YellowUITestsLaunchTests.swift in Sources */,
				22E0252F2A9681BE005DBBF7 /* YellowUITests.swift in Sources */,
			);
			runOnlyForDeploymentPostprocessing = 0;
		};
/* End PBXSourcesBuildPhase section */

/* Begin PBXTargetDependency section */
		22E025222A9681BE005DBBF7 /* PBXTargetDependency */ = {
			isa = PBXTargetDependency;
			target = 22E0250F2A9681BD005DBBF7 /* Yellow */;
			targetProxy = 22E025212A9681BE005DBBF7 /* PBXContainerItemProxy */;
		};
		22E0252C2A9681BE005DBBF7 /* PBXTargetDependency */ = {
			isa = PBXTargetDependency;
			target = 22E0250F2A9681BD005DBBF7 /* Yellow */;
			targetProxy = 22E0252B2A9681BE005DBBF7 /* PBXContainerItemProxy */;
		};
/* End PBXTargetDependency section */

/* Begin XCBuildConfiguration section */
		22E025322A9681BE005DBBF7 /* Debug */ = {
			isa = XCBuildConfiguration;
			buildSettings = {
				ALWAYS_SEARCH_USER_PATHS = NO;
				CLANG_ANALYZER_NONNULL = YES;
				CLANG_ANALYZER_NUMBER_OBJECT_CONVERSION = YES_AGGRESSIVE;
				CLANG_CXX_LANGUAGE_STANDARD = "gnu++20";
				CLANG_ENABLE_MODULES = YES;
				CLANG_ENABLE_OBJC_ARC = YES;
				CLANG_ENABLE_OBJC_WEAK = YES;
				CLANG_WARN_BLOCK_CAPTURE_AUTORELEASING = YES;
				CLANG_WARN_BOOL_CONVERSION = YES;
				CLANG_WARN_COMMA = YES;
				CLANG_WARN_CONSTANT_CONVERSION = YES;
				CLANG_WARN_DEPRECATED_OBJC_IMPLEMENTATIONS = YES;
				CLANG_WARN_DIRECT_OBJC_ISA_USAGE = YES_ERROR;
				CLANG_WARN_DOCUMENTATION_COMMENTS = YES;
				CLANG_WARN_EMPTY_BODY = YES;
				CLANG_WARN_ENUM_CONVERSION = YES;
				CLANG_WARN_INFINITE_RECURSION = YES;
				CLANG_WARN_INT_CONVERSION = YES;
				CLANG_WARN_NON_LITERAL_NULL_CONVERSION = YES;
				CLANG_WARN_OBJC_IMPLICIT_RETAIN_SELF = YES;
				CLANG_WARN_OBJC_LITERAL_CONVERSION = YES;
				CLANG_WARN_OBJC_ROOT_CLASS = YES_ERROR;
				CLANG_WARN_QUOTED_INCLUDE_IN_FRAMEWORK_HEADER = YES;
				CLANG_WARN_RANGE_LOOP_ANALYSIS = YES;
				CLANG_WARN_STRICT_PROTOTYPES = YES;
				CLANG_WARN_SUSPICIOUS_MOVE = YES;
				CLANG_WARN_UNGUARDED_AVAILABILITY = YES_AGGRESSIVE;
				CLANG_WARN_UNREACHABLE_CODE = YES;
				CLANG_WARN__DUPLICATE_METHOD_MATCH = YES;
				COPY_PHASE_STRIP = NO;
				DEBUG_INFORMATION_FORMAT = dwarf;
				ENABLE_STRICT_OBJC_MSGSEND = YES;
				ENABLE_TESTABILITY = YES;
				GCC_C_LANGUAGE_STANDARD = gnu11;
				GCC_DYNAMIC_NO_PIC = NO;
				GCC_NO_COMMON_BLOCKS = YES;
				GCC_OPTIMIZATION_LEVEL = 0;
				GCC_PREPROCESSOR_DEFINITIONS = (
					"DEBUG=1",
					"$(inherited)",
				);
				GCC_WARN_64_TO_32_BIT_CONVERSION = YES;
				GCC_WARN_ABOUT_RETURN_TYPE = YES_ERROR;
				GCC_WARN_UNDECLARED_SELECTOR = YES;
				GCC_WARN_UNINITIALIZED_AUTOS = YES_AGGRESSIVE;
				GCC_WARN_UNUSED_FUNCTION = YES;
				GCC_WARN_UNUSED_VARIABLE = YES;
				IPHONEOS_DEPLOYMENT_TARGET = 16.4;
				MTL_ENABLE_DEBUG_INFO = INCLUDE_SOURCE;
				MTL_FAST_MATH = YES;
				ONLY_ACTIVE_ARCH = YES;
				SDKROOT = iphoneos;
				SWIFT_ACTIVE_COMPILATION_CONDITIONS = DEBUG;
				SWIFT_OPTIMIZATION_LEVEL = "-Onone";
			};
			name = Debug;
		};
		22E025332A9681BE005DBBF7 /* Release */ = {
			isa = XCBuildConfiguration;
			buildSettings = {
				ALWAYS_SEARCH_USER_PATHS = NO;
				CLANG_ANALYZER_NONNULL = YES;
				CLANG_ANALYZER_NUMBER_OBJECT_CONVERSION = YES_AGGRESSIVE;
				CLANG_CXX_LANGUAGE_STANDARD = "gnu++20";
				CLANG_ENABLE_MODULES = YES;
				CLANG_ENABLE_OBJC_ARC = YES;
				CLANG_ENABLE_OBJC_WEAK = YES;
				CLANG_WARN_BLOCK_CAPTURE_AUTORELEASING = YES;
				CLANG_WARN_BOOL_CONVERSION = YES;
				CLANG_WARN_COMMA = YES;
				CLANG_WARN_CONSTANT_CONVERSION = YES;
				CLANG_WARN_DEPRECATED_OBJC_IMPLEMENTATIONS = YES;
				CLANG_WARN_DIRECT_OBJC_ISA_USAGE = YES_ERROR;
				CLANG_WARN_DOCUMENTATION_COMMENTS = YES;
				CLANG_WARN_EMPTY_BODY = YES;
				CLANG_WARN_ENUM_CONVERSION = YES;
				CLANG_WARN_INFINITE_RECURSION = YES;
				CLANG_WARN_INT_CONVERSION = YES;
				CLANG_WARN_NON_LITERAL_NULL_CONVERSION = YES;
				CLANG_WARN_OBJC_IMPLICIT_RETAIN_SELF = YES;
				CLANG_WARN_OBJC_LITERAL_CONVERSION = YES;
				CLANG_WARN_OBJC_ROOT_CLASS = YES_ERROR;
				CLANG_WARN_QUOTED_INCLUDE_IN_FRAMEWORK_HEADER = YES;
				CLANG_WARN_RANGE_LOOP_ANALYSIS = YES;
				CLANG_WARN_STRICT_PROTOTYPES = YES;
				CLANG_WARN_SUSPICIOUS_MOVE = YES;
				CLANG_WARN_UNGUARDED_AVAILABILITY = YES_AGGRESSIVE;
				CLANG_WARN_UNREACHABLE_CODE = YES;
				CLANG_WARN__DUPLICATE_METHOD_MATCH = YES;
				COPY_PHASE_STRIP = NO;
				DEBUG_INFORMATION_FORMAT = "dwarf-with-dsym";
				ENABLE_NS_ASSERTIONS = NO;
				ENABLE_STRICT_OBJC_MSGSEND = YES;
				GCC_C_LANGUAGE_STANDARD = gnu11;
				GCC_NO_COMMON_BLOCKS = YES;
				GCC_WARN_64_TO_32_BIT_CONVERSION = YES;
				GCC_WARN_ABOUT_RETURN_TYPE = YES_ERROR;
				GCC_WARN_UNDECLARED_SELECTOR = YES;
				GCC_WARN_UNINITIALIZED_AUTOS = YES_AGGRESSIVE;
				GCC_WARN_UNUSED_FUNCTION = YES;
				GCC_WARN_UNUSED_VARIABLE = YES;
				IPHONEOS_DEPLOYMENT_TARGET = 16.4;
				MTL_ENABLE_DEBUG_INFO = NO;
				MTL_FAST_MATH = YES;
				SDKROOT = iphoneos;
				SWIFT_COMPILATION_MODE = wholemodule;
				SWIFT_OPTIMIZATION_LEVEL = "-O";
				VALIDATE_PRODUCT = YES;
			};
			name = Release;
		};
		22E025352A9681BE005DBBF7 /* Debug */ = {
			isa = XCBuildConfiguration;
			buildSettings = {
				ASSETCATALOG_COMPILER_APPICON_NAME = AppIcon;
				ASSETCATALOG_COMPILER_GLOBAL_ACCENT_COLOR_NAME = AccentColor;
				CODE_SIGN_STYLE = Automatic;
				CURRENT_PROJECT_VERSION = 1;
				DEVELOPMENT_ASSET_PATHS = "\"Yellow/Preview Content\"";
				DEVELOPMENT_TEAM = 6HF4JSQNA4;
				ENABLE_PREVIEWS = YES;
				GENERATE_INFOPLIST_FILE = YES;
				INFOPLIST_KEY_UIApplicationSceneManifest_Generation = YES;
				INFOPLIST_KEY_UIApplicationSupportsIndirectInputEvents = YES;
				INFOPLIST_KEY_UILaunchScreen_Generation = YES;
				INFOPLIST_KEY_UISupportedInterfaceOrientations_iPad = "UIInterfaceOrientationPortrait UIInterfaceOrientationPortraitUpsideDown UIInterfaceOrientationLandscapeLeft UIInterfaceOrientationLandscapeRight";
				INFOPLIST_KEY_UISupportedInterfaceOrientations_iPhone = "UIInterfaceOrientationPortrait UIInterfaceOrientationLandscapeLeft UIInterfaceOrientationLandscapeRight";
				LD_RUNPATH_SEARCH_PATHS = (
					"$(inherited)",
					"@executable_path/Frameworks",
				);
				MARKETING_VERSION = 1.0;
				PRODUCT_BUNDLE_IDENTIFIER = com.dnzhelloo.Yellow;
				PRODUCT_NAME = "$(TARGET_NAME)";
				SWIFT_EMIT_LOC_STRINGS = YES;
				SWIFT_VERSION = 5.0;
				TARGETED_DEVICE_FAMILY = "1,2";
			};
			name = Debug;
		};
		22E025362A9681BE005DBBF7 /* Release */ = {
			isa = XCBuildConfiguration;
			buildSettings = {
				ASSETCATALOG_COMPILER_APPICON_NAME = AppIcon;
				ASSETCATALOG_COMPILER_GLOBAL_ACCENT_COLOR_NAME = AccentColor;
				CODE_SIGN_STYLE = Automatic;
				CURRENT_PROJECT_VERSION = 1;
				DEVELOPMENT_ASSET_PATHS = "\"Yellow/Preview Content\"";
				DEVELOPMENT_TEAM = 6HF4JSQNA4;
				ENABLE_PREVIEWS = YES;
				GENERATE_INFOPLIST_FILE = YES;
				INFOPLIST_KEY_UIApplicationSceneManifest_Generation = YES;
				INFOPLIST_KEY_UIApplicationSupportsIndirectInputEvents = YES;
				INFOPLIST_KEY_UILaunchScreen_Generation = YES;
				INFOPLIST_KEY_UISupportedInterfaceOrientations_iPad = "UIInterfaceOrientationPortrait UIInterfaceOrientationPortraitUpsideDown UIInterfaceOrientationLandscapeLeft UIInterfaceOrientationLandscapeRight";
				INFOPLIST_KEY_UISupportedInterfaceOrientations_iPhone = "UIInterfaceOrientationPortrait UIInterfaceOrientationLandscapeLeft UIInterfaceOrientationLandscapeRight";
				LD_RUNPATH_SEARCH_PATHS = (
					"$(inherited)",
					"@executable_path/Frameworks",
				);
				MARKETING_VERSION = 1.0;
				PRODUCT_BUNDLE_IDENTIFIER = com.dnzhelloo.Yellow;
				PRODUCT_NAME = "$(TARGET_NAME)";
				SWIFT_EMIT_LOC_STRINGS = YES;
				SWIFT_VERSION = 5.0;
				TARGETED_DEVICE_FAMILY = "1,2";
			};
			name = Release;
		};
		22E025382A9681BE005DBBF7 /* Debug */ = {
			isa = XCBuildConfiguration;
			buildSettings = {
				ALWAYS_EMBED_SWIFT_STANDARD_LIBRARIES = YES;
				BUNDLE_LOADER = "$(TEST_HOST)";
				CODE_SIGN_STYLE = Automatic;
				CURRENT_PROJECT_VERSION = 1;
				DEVELOPMENT_TEAM = 6HF4JSQNA4;
				GENERATE_INFOPLIST_FILE = YES;
				IPHONEOS_DEPLOYMENT_TARGET = 16.4;
				MARKETING_VERSION = 1.0;
				PRODUCT_BUNDLE_IDENTIFIER = com.dnzhelloo.YellowTests;
				PRODUCT_NAME = "$(TARGET_NAME)";
				SWIFT_EMIT_LOC_STRINGS = NO;
				SWIFT_VERSION = 5.0;
				TARGETED_DEVICE_FAMILY = "1,2";
				TEST_HOST = "$(BUILT_PRODUCTS_DIR)/Yellow.app/$(BUNDLE_EXECUTABLE_FOLDER_PATH)/Yellow";
			};
			name = Debug;
		};
		22E025392A9681BE005DBBF7 /* Release */ = {
			isa = XCBuildConfiguration;
			buildSettings = {
				ALWAYS_EMBED_SWIFT_STANDARD_LIBRARIES = YES;
				BUNDLE_LOADER = "$(TEST_HOST)";
				CODE_SIGN_STYLE = Automatic;
				CURRENT_PROJECT_VERSION = 1;
				DEVELOPMENT_TEAM = 6HF4JSQNA4;
				GENERATE_INFOPLIST_FILE = YES;
				IPHONEOS_DEPLOYMENT_TARGET = 16.4;
				MARKETING_VERSION = 1.0;
				PRODUCT_BUNDLE_IDENTIFIER = com.dnzhelloo.YellowTests;
				PRODUCT_NAME = "$(TARGET_NAME)";
				SWIFT_EMIT_LOC_STRINGS = NO;
				SWIFT_VERSION = 5.0;
				TARGETED_DEVICE_FAMILY = "1,2";
				TEST_HOST = "$(BUILT_PRODUCTS_DIR)/Yellow.app/$(BUNDLE_EXECUTABLE_FOLDER_PATH)/Yellow";
			};
			name = Release;
		};
		22E0253B2A9681BE005DBBF7 /* Debug */ = {
			isa = XCBuildConfiguration;
			buildSettings = {
				ALWAYS_EMBED_SWIFT_STANDARD_LIBRARIES = YES;
				CODE_SIGN_STYLE = Automatic;
				CURRENT_PROJECT_VERSION = 1;
				DEVELOPMENT_TEAM = 6HF4JSQNA4;
				GENERATE_INFOPLIST_FILE = YES;
				MARKETING_VERSION = 1.0;
				PRODUCT_BUNDLE_IDENTIFIER = com.dnzhelloo.YellowUITests;
				PRODUCT_NAME = "$(TARGET_NAME)";
				SWIFT_EMIT_LOC_STRINGS = NO;
				SWIFT_VERSION = 5.0;
				TARGETED_DEVICE_FAMILY = "1,2";
				TEST_TARGET_NAME = Yellow;
			};
			name = Debug;
		};
		22E0253C2A9681BE005DBBF7 /* Release */ = {
			isa = XCBuildConfiguration;
			buildSettings = {
				ALWAYS_EMBED_SWIFT_STANDARD_LIBRARIES = YES;
				CODE_SIGN_STYLE = Automatic;
				CURRENT_PROJECT_VERSION = 1;
				DEVELOPMENT_TEAM = 6HF4JSQNA4;
				GENERATE_INFOPLIST_FILE = YES;
				MARKETING_VERSION = 1.0;
				PRODUCT_BUNDLE_IDENTIFIER = com.dnzhelloo.YellowUITests;
				PRODUCT_NAME = "$(TARGET_NAME)";
				SWIFT_EMIT_LOC_STRINGS = NO;
				SWIFT_VERSION = 5.0;
				TARGETED_DEVICE_FAMILY = "1,2";
				TEST_TARGET_NAME = Yellow;
			};
			name = Release;
		};
/* End XCBuildConfiguration section */

/* Begin XCConfigurationList section */
		22E0250B2A9681BD005DBBF7 /* Build configuration list for PBXProject "Yellow" */ = {
			isa = XCConfigurationList;
			buildConfigurations = (
				22E025322A9681BE005DBBF7 /* Debug */,
				22E025332A9681BE005DBBF7 /* Release */,
			);
			defaultConfigurationIsVisible = 0;
			defaultConfigurationName = Release;
		};
		22E025342A9681BE005DBBF7 /* Build configuration list for PBXNativeTarget "Yellow" */ = {
			isa = XCConfigurationList;
			buildConfigurations = (
				22E025352A9681BE005DBBF7 /* Debug */,
				22E025362A9681BE005DBBF7 /* Release */,
			);
			defaultConfigurationIsVisible = 0;
			defaultConfigurationName = Release;
		};
		22E025372A9681BE005DBBF7 /* Build configuration list for PBXNativeTarget "YellowTests" */ = {
			isa = XCConfigurationList;
			buildConfigurations = (
				22E025382A9681BE005DBBF7 /* Debug */,
				22E025392A9681BE005DBBF7 /* Release */,
			);
			defaultConfigurationIsVisible = 0;
			defaultConfigurationName = Release;
		};
		22E0253A2A9681BE005DBBF7 /* Build configuration list for PBXNativeTarget "YellowUITests" */ = {
			isa = XCConfigurationList;
			buildConfigurations = (
				22E0253B2A9681BE005DBBF7 /* Debug */,
				22E0253C2A9681BE005DBBF7 /* Release */,
			);
			defaultConfigurationIsVisible = 0;
			defaultConfigurationName = Release;
		};
/* End XCConfigurationList section */
	};
	rootObject = 22E025082A9681BD005DBBF7 /* Project object */;
}
